// !$*UTF8*$!
{
	archiveVersion = 1;
	classes = {
	};
	objectVersion = 46;
	objects = {

/* Begin PBXBuildFile section */
		8B33CDB81DEB7EBF00A7BF56 /* main.m in Sources */ = {isa = PBXBuildFile; fileRef = 8B33CDB71DEB7EBF00A7BF56 /* main.m */; };
		8B33CDBB1DEB7EBF00A7BF56 /* AppDelegate.m in Sources */ = {isa = PBXBuildFile; fileRef = 8B33CDBA1DEB7EBF00A7BF56 /* AppDelegate.m */; };
		8B33CDBE1DEB7EBF00A7BF56 /* ViewController.mm in Sources */ = {isa = PBXBuildFile; fileRef = 8B33CDBD1DEB7EBF00A7BF56 /* ViewController.mm */; };
		8B33CDC11DEB7EBF00A7BF56 /* Main.storyboard in Resources */ = {isa = PBXBuildFile; fileRef = 8B33CDBF1DEB7EBF00A7BF56 /* Main.storyboard */; };
		8B33CDC31DEB7EBF00A7BF56 /* Assets.xcassets in Resources */ = {isa = PBXBuildFile; fileRef = 8B33CDC21DEB7EBF00A7BF56 /* Assets.xcassets */; };
		8B33CDC61DEB7EBF00A7BF56 /* LaunchScreen.storyboard in Resources */ = {isa = PBXBuildFile; fileRef = 8B33CDC41DEB7EBF00A7BF56 /* LaunchScreen.storyboard */; };
		8B33CDD11DEB7EBF00A7BF56 /* capstoneUITests.m in Sources */ = {isa = PBXBuildFile; fileRef = 8B33CDD01DEB7EBF00A7BF56 /* capstoneUITests.m */; };
		8B33CDDE1DEB811000A7BF56 /* IMG_5094.MOV in Resources */ = {isa = PBXBuildFile; fileRef = 8B33CDDD1DEB811000A7BF56 /* IMG_5094.MOV */; };
		8B33CDE11DEB875400A7BF56 /* AVFoundation.framework in Frameworks */ = {isa = PBXBuildFile; fileRef = 8B33CDDF1DEB875400A7BF56 /* AVFoundation.framework */; };
		8B33CDE21DEB875400A7BF56 /* AVKit.framework in Frameworks */ = {isa = PBXBuildFile; fileRef = 8B33CDE01DEB875400A7BF56 /* AVKit.framework */; };
		8B4462CF1DED2C9C00567D9F /* opencv2.framework in Frameworks */ = {isa = PBXBuildFile; fileRef = 8B4462CE1DED2C9C00567D9F /* opencv2.framework */; };
		8B4462D31DED3A4500567D9F /* CoreVideo.framework in Frameworks */ = {isa = PBXBuildFile; fileRef = 8B4462D21DED3A4500567D9F /* CoreVideo.framework */; };
		8B4462D91DED3D1000567D9F /* libjpeg.a in Frameworks */ = {isa = PBXBuildFile; fileRef = 8B4462D81DED3D1000567D9F /* libjpeg.a */; };
		8B881AB01DEE3F28005C9961 /* src in Resources */ = {isa = PBXBuildFile; fileRef = 8B881AAF1DEE3F28005C9961 /* src */; };
		8BA155221DEB9E7F006CDA77 /* CoreMedia.framework in Frameworks */ = {isa = PBXBuildFile; fileRef = 8BA155211DEB9E7F006CDA77 /* CoreMedia.framework */; };
		8BA155251DEBD0F7006CDA77 /* c in Resources */ = {isa = PBXBuildFile; fileRef = 8BA155241DEBD0F7006CDA77 /* c */; };
		8BA1552A1DECC610006CDA77 /* AssetsLibrary.framework in Frameworks */ = {isa = PBXBuildFile; fileRef = 8BA155291DECC610006CDA77 /* AssetsLibrary.framework */; };
		8BA155311DECE5BB006CDA77 /* IMG_5094 in Resources */ = {isa = PBXBuildFile; fileRef = 8BA155301DECE5BB006CDA77 /* IMG_5094 */; };
		8BA155351DECF47A006CDA77 /* cosaliency.mm in Sources */ = {isa = PBXBuildFile; fileRef = 8BA155341DECF47A006CDA77 /* cosaliency.mm */; };
/* End PBXBuildFile section */

/* Begin PBXContainerItemProxy section */
		8B33CDCD1DEB7EBF00A7BF56 /* PBXContainerItemProxy */ = {
			isa = PBXContainerItemProxy;
			containerPortal = 8B33CDAB1DEB7EBF00A7BF56 /* Project object */;
			proxyType = 1;
			remoteGlobalIDString = 8B33CDB21DEB7EBF00A7BF56;
			remoteInfo = capstone;
		};
/* End PBXContainerItemProxy section */

/* Begin PBXFileReference section */
		8B33CDB31DEB7EBF00A7BF56 /* capstone.app */ = {isa = PBXFileReference; explicitFileType = wrapper.application; includeInIndex = 0; path = capstone.app; sourceTree = BUILT_PRODUCTS_DIR; };
		8B33CDB71DEB7EBF00A7BF56 /* main.m */ = {isa = PBXFileReference; lastKnownFileType = sourcecode.c.objc; path = main.m; sourceTree = "<group>"; };
		8B33CDB91DEB7EBF00A7BF56 /* AppDelegate.h */ = {isa = PBXFileReference; lastKnownFileType = sourcecode.c.h; path = AppDelegate.h; sourceTree = "<group>"; };
		8B33CDBA1DEB7EBF00A7BF56 /* AppDelegate.m */ = {isa = PBXFileReference; lastKnownFileType = sourcecode.c.objc; path = AppDelegate.m; sourceTree = "<group>"; };
		8B33CDBC1DEB7EBF00A7BF56 /* ViewController.h */ = {isa = PBXFileReference; lastKnownFileType = sourcecode.c.h; path = ViewController.h; sourceTree = "<group>"; };
		8B33CDBD1DEB7EBF00A7BF56 /* ViewController.mm */ = {isa = PBXFileReference; lastKnownFileType = sourcecode.cpp.objcpp; path = ViewController.mm; sourceTree = "<group>"; };
		8B33CDC01DEB7EBF00A7BF56 /* Base */ = {isa = PBXFileReference; lastKnownFileType = file.storyboard; name = Base; path = Base.lproj/Main.storyboard; sourceTree = "<group>"; };
		8B33CDC21DEB7EBF00A7BF56 /* Assets.xcassets */ = {isa = PBXFileReference; lastKnownFileType = folder.assetcatalog; path = Assets.xcassets; sourceTree = "<group>"; };
		8B33CDC51DEB7EBF00A7BF56 /* Base */ = {isa = PBXFileReference; lastKnownFileType = file.storyboard; name = Base; path = Base.lproj/LaunchScreen.storyboard; sourceTree = "<group>"; };
		8B33CDC71DEB7EBF00A7BF56 /* Info.plist */ = {isa = PBXFileReference; lastKnownFileType = text.plist.xml; path = Info.plist; sourceTree = "<group>"; };
		8B33CDCC1DEB7EBF00A7BF56 /* capstoneUITests.xctest */ = {isa = PBXFileReference; explicitFileType = wrapper.cfbundle; includeInIndex = 0; path = capstoneUITests.xctest; sourceTree = BUILT_PRODUCTS_DIR; };
		8B33CDD01DEB7EBF00A7BF56 /* capstoneUITests.m */ = {isa = PBXFileReference; lastKnownFileType = sourcecode.c.objc; path = capstoneUITests.m; sourceTree = "<group>"; };
		8B33CDD21DEB7EBF00A7BF56 /* Info.plist */ = {isa = PBXFileReference; lastKnownFileType = text.plist.xml; path = Info.plist; sourceTree = "<group>"; };
		8B33CDDD1DEB811000A7BF56 /* IMG_5094.MOV */ = {isa = PBXFileReference; lastKnownFileType = video.quicktime; path = IMG_5094.MOV; sourceTree = "<group>"; };
		8B33CDDF1DEB875400A7BF56 /* AVFoundation.framework */ = {isa = PBXFileReference; lastKnownFileType = wrapper.framework; name = AVFoundation.framework; path = System/Library/Frameworks/AVFoundation.framework; sourceTree = SDKROOT; };
		8B33CDE01DEB875400A7BF56 /* AVKit.framework */ = {isa = PBXFileReference; lastKnownFileType = wrapper.framework; name = AVKit.framework; path = System/Library/Frameworks/AVKit.framework; sourceTree = SDKROOT; };
		8B4462CE1DED2C9C00567D9F /* opencv2.framework */ = {isa = PBXFileReference; lastKnownFileType = wrapper.framework; name = opencv2.framework; path = "../../../../app/Assignment_2/CvVideoCamera_Example-master/opencv2.framework"; sourceTree = "<group>"; };
		8B4462D21DED3A4500567D9F /* CoreVideo.framework */ = {isa = PBXFileReference; lastKnownFileType = wrapper.framework; name = CoreVideo.framework; path = System/Library/Frameworks/CoreVideo.framework; sourceTree = SDKROOT; };
		8B4462D81DED3D1000567D9F /* libjpeg.a */ = {isa = PBXFileReference; lastKnownFileType = archive.ar; path = libjpeg.a; sourceTree = "<group>"; };
		8B4462DA1DEE2B5B00567D9F /* cointerest.h */ = {isa = PBXFileReference; lastKnownFileType = sourcecode.c.h; path = cointerest.h; sourceTree = "<group>"; };
		8B4462DB1DEE2B7500567D9F /* cointerest.mm */ = {isa = PBXFileReference; fileEncoding = 4; lastKnownFileType = sourcecode.cpp.objcpp; path = cointerest.mm; sourceTree = "<group>"; };
		8B881AAF1DEE3F28005C9961 /* src */ = {isa = PBXFileReference; lastKnownFileType = folder; path = src; sourceTree = "<group>"; };
		8B9F01A21DED119C0035A6E8 /* cosaliency.h */ = {isa = PBXFileReference; lastKnownFileType = sourcecode.c.h; path = cosaliency.h; sourceTree = "<group>"; };
		8BA155211DEB9E7F006CDA77 /* CoreMedia.framework */ = {isa = PBXFileReference; lastKnownFileType = wrapper.framework; name = CoreMedia.framework; path = System/Library/Frameworks/CoreMedia.framework; sourceTree = SDKROOT; };
		8BA155241DEBD0F7006CDA77 /* c */ = {isa = PBXFileReference; lastKnownFileType = folder; name = c; path = ../../../c; sourceTree = "<group>"; };
		8BA155261DECAF88006CDA77 /* config.h */ = {isa = PBXFileReference; lastKnownFileType = sourcecode.c.h; path = config.h; sourceTree = "<group>"; };
		8BA155291DECC610006CDA77 /* AssetsLibrary.framework */ = {isa = PBXFileReference; lastKnownFileType = wrapper.framework; name = AssetsLibrary.framework; path = System/Library/Frameworks/AssetsLibrary.framework; sourceTree = SDKROOT; };
		8BA155301DECE5BB006CDA77 /* IMG_5094 */ = {isa = PBXFileReference; lastKnownFileType = folder; path = IMG_5094; sourceTree = "<group>"; };
		8BA155341DECF47A006CDA77 /* cosaliency.mm */ = {isa = PBXFileReference; fileEncoding = 4; lastKnownFileType = sourcecode.cpp.objcpp; path = cosaliency.mm; sourceTree = "<group>"; };
/* End PBXFileReference section */

/* Begin PBXFrameworksBuildPhase section */
		8B33CDB01DEB7EBF00A7BF56 /* Frameworks */ = {
			isa = PBXFrameworksBuildPhase;
			buildActionMask = 2147483647;
			files = (
				8B4462D31DED3A4500567D9F /* CoreVideo.framework in Frameworks */,
				8B4462CF1DED2C9C00567D9F /* opencv2.framework in Frameworks */,
				8B4462D91DED3D1000567D9F /* libjpeg.a in Frameworks */,
				8BA1552A1DECC610006CDA77 /* AssetsLibrary.framework in Frameworks */,
				8BA155221DEB9E7F006CDA77 /* CoreMedia.framework in Frameworks */,
				8B33CDE11DEB875400A7BF56 /* AVFoundation.framework in Frameworks */,
				8B33CDE21DEB875400A7BF56 /* AVKit.framework in Frameworks */,
			);
			runOnlyForDeploymentPostprocessing = 0;
		};
		8B33CDC91DEB7EBF00A7BF56 /* Frameworks */ = {
			isa = PBXFrameworksBuildPhase;
			buildActionMask = 2147483647;
			files = (
			);
			runOnlyForDeploymentPostprocessing = 0;
		};
/* End PBXFrameworksBuildPhase section */

/* Begin PBXGroup section */
		8B33CDAA1DEB7EBF00A7BF56 = {
			isa = PBXGroup;
			children = (
				8B4462D81DED3D1000567D9F /* libjpeg.a */,
				8B4462D21DED3A4500567D9F /* CoreVideo.framework */,
				8B4462CE1DED2C9C00567D9F /* opencv2.framework */,
				8BA155291DECC610006CDA77 /* AssetsLibrary.framework */,
				8BA155211DEB9E7F006CDA77 /* CoreMedia.framework */,
				8B33CDDF1DEB875400A7BF56 /* AVFoundation.framework */,
				8B33CDE01DEB875400A7BF56 /* AVKit.framework */,
				8B33CDB51DEB7EBF00A7BF56 /* capstone */,
				8B33CDCF1DEB7EBF00A7BF56 /* capstoneUITests */,
				8B33CDB41DEB7EBF00A7BF56 /* Products */,
			);
			sourceTree = "<group>";
		};
		8B33CDB41DEB7EBF00A7BF56 /* Products */ = {
			isa = PBXGroup;
			children = (
				8B33CDB31DEB7EBF00A7BF56 /* capstone.app */,
				8B33CDCC1DEB7EBF00A7BF56 /* capstoneUITests.xctest */,
			);
			name = Products;
			sourceTree = "<group>";
		};
		8B33CDB51DEB7EBF00A7BF56 /* capstone */ = {
			isa = PBXGroup;
			children = (
				8BA155241DEBD0F7006CDA77 /* c */,
				8B33CDB91DEB7EBF00A7BF56 /* AppDelegate.h */,
				8B4462DA1DEE2B5B00567D9F /* cointerest.h */,
				8BA155261DECAF88006CDA77 /* config.h */,
				8B9F01A21DED119C0035A6E8 /* cosaliency.h */,
				8B33CDBC1DEB7EBF00A7BF56 /* ViewController.h */,
				8B33CDBA1DEB7EBF00A7BF56 /* AppDelegate.m */,
				8B4462DB1DEE2B7500567D9F /* cointerest.mm */,
				8BA155341DECF47A006CDA77 /* cosaliency.mm */,
				8B33CDBD1DEB7EBF00A7BF56 /* ViewController.mm */,
				8B33CDC71DEB7EBF00A7BF56 /* Info.plist */,
				8B33CDC21DEB7EBF00A7BF56 /* Assets.xcassets */,
				8B33CDC41DEB7EBF00A7BF56 /* LaunchScreen.storyboard */,
				8B33CDBF1DEB7EBF00A7BF56 /* Main.storyboard */,
				8B881AAF1DEE3F28005C9961 /* src */,
				8B33CDB61DEB7EBF00A7BF56 /* Supporting Files */,
			);
			path = capstone;
			sourceTree = "<group>";
		};
		8B33CDB61DEB7EBF00A7BF56 /* Supporting Files */ = {
			isa = PBXGroup;
			children = (
				8BA155301DECE5BB006CDA77 /* IMG_5094 */,
				8B33CDDD1DEB811000A7BF56 /* IMG_5094.MOV */,
				8B33CDB71DEB7EBF00A7BF56 /* main.m */,
			);
			name = "Supporting Files";
			sourceTree = "<group>";
		};
		8B33CDCF1DEB7EBF00A7BF56 /* capstoneUITests */ = {
			isa = PBXGroup;
			children = (
				8B33CDD01DEB7EBF00A7BF56 /* capstoneUITests.m */,
				8B33CDD21DEB7EBF00A7BF56 /* Info.plist */,
			);
			path = capstoneUITests;
			sourceTree = "<group>";
		};
/* End PBXGroup section */

/* Begin PBXNativeTarget section */
		8B33CDB21DEB7EBF00A7BF56 /* capstone */ = {
			isa = PBXNativeTarget;
			buildConfigurationList = 8B33CDD51DEB7EBF00A7BF56 /* Build configuration list for PBXNativeTarget "capstone" */;
			buildPhases = (
				8B33CDAF1DEB7EBF00A7BF56 /* Sources */,
				8B33CDB01DEB7EBF00A7BF56 /* Frameworks */,
				8B33CDB11DEB7EBF00A7BF56 /* Resources */,
			);
			buildRules = (
			);
			dependencies = (
			);
			name = capstone;
			productName = capstone;
			productReference = 8B33CDB31DEB7EBF00A7BF56 /* capstone.app */;
			productType = "com.apple.product-type.application";
		};
		8B33CDCB1DEB7EBF00A7BF56 /* capstoneUITests */ = {
			isa = PBXNativeTarget;
			buildConfigurationList = 8B33CDD81DEB7EBF00A7BF56 /* Build configuration list for PBXNativeTarget "capstoneUITests" */;
			buildPhases = (
				8B33CDC81DEB7EBF00A7BF56 /* Sources */,
				8B33CDC91DEB7EBF00A7BF56 /* Frameworks */,
				8B33CDCA1DEB7EBF00A7BF56 /* Resources */,
			);
			buildRules = (
			);
			dependencies = (
				8B33CDCE1DEB7EBF00A7BF56 /* PBXTargetDependency */,
			);
			name = capstoneUITests;
			productName = capstoneUITests;
			productReference = 8B33CDCC1DEB7EBF00A7BF56 /* capstoneUITests.xctest */;
			productType = "com.apple.product-type.bundle.ui-testing";
		};
/* End PBXNativeTarget section */

/* Begin PBXProject section */
		8B33CDAB1DEB7EBF00A7BF56 /* Project object */ = {
			isa = PBXProject;
			attributes = {
				LastUpgradeCheck = 0730;
				ORGANIZATIONNAME = "Judy Chang";
				TargetAttributes = {
					8B33CDB21DEB7EBF00A7BF56 = {
						CreatedOnToolsVersion = 7.3.1;
						DevelopmentTeam = U77NSNB299;
					};
					8B33CDCB1DEB7EBF00A7BF56 = {
						CreatedOnToolsVersion = 7.3.1;
						TestTargetID = 8B33CDB21DEB7EBF00A7BF56;
					};
				};
			};
			buildConfigurationList = 8B33CDAE1DEB7EBF00A7BF56 /* Build configuration list for PBXProject "capstone" */;
			compatibilityVersion = "Xcode 3.2";
			developmentRegion = English;
			hasScannedForEncodings = 0;
			knownRegions = (
				en,
				Base,
			);
			mainGroup = 8B33CDAA1DEB7EBF00A7BF56;
			productRefGroup = 8B33CDB41DEB7EBF00A7BF56 /* Products */;
			projectDirPath = "";
			projectRoot = "";
			targets = (
				8B33CDB21DEB7EBF00A7BF56 /* capstone */,
				8B33CDCB1DEB7EBF00A7BF56 /* capstoneUITests */,
			);
		};
/* End PBXProject section */

/* Begin PBXResourcesBuildPhase section */
		8B33CDB11DEB7EBF00A7BF56 /* Resources */ = {
			isa = PBXResourcesBuildPhase;
			buildActionMask = 2147483647;
			files = (
				8BA155311DECE5BB006CDA77 /* IMG_5094 in Resources */,
				8B33CDC61DEB7EBF00A7BF56 /* LaunchScreen.storyboard in Resources */,
				8B33CDC31DEB7EBF00A7BF56 /* Assets.xcassets in Resources */,
				8B33CDDE1DEB811000A7BF56 /* IMG_5094.MOV in Resources */,
				8BA155251DEBD0F7006CDA77 /* c in Resources */,
				8B881AB01DEE3F28005C9961 /* src in Resources */,
				8B33CDC11DEB7EBF00A7BF56 /* Main.storyboard in Resources */,
			);
			runOnlyForDeploymentPostprocessing = 0;
		};
		8B33CDCA1DEB7EBF00A7BF56 /* Resources */ = {
			isa = PBXResourcesBuildPhase;
			buildActionMask = 2147483647;
			files = (
			);
			runOnlyForDeploymentPostprocessing = 0;
		};
/* End PBXResourcesBuildPhase section */

/* Begin PBXSourcesBuildPhase section */
		8B33CDAF1DEB7EBF00A7BF56 /* Sources */ = {
			isa = PBXSourcesBuildPhase;
			buildActionMask = 2147483647;
			files = (
				8B33CDBE1DEB7EBF00A7BF56 /* ViewController.mm in Sources */,
				8BA155351DECF47A006CDA77 /* cosaliency.mm in Sources */,
				8B33CDBB1DEB7EBF00A7BF56 /* AppDelegate.m in Sources */,
				8B33CDB81DEB7EBF00A7BF56 /* main.m in Sources */,
			);
			runOnlyForDeploymentPostprocessing = 0;
		};
		8B33CDC81DEB7EBF00A7BF56 /* Sources */ = {
			isa = PBXSourcesBuildPhase;
			buildActionMask = 2147483647;
			files = (
				8B33CDD11DEB7EBF00A7BF56 /* capstoneUITests.m in Sources */,
			);
			runOnlyForDeploymentPostprocessing = 0;
		};
/* End PBXSourcesBuildPhase section */

/* Begin PBXTargetDependency section */
		8B33CDCE1DEB7EBF00A7BF56 /* PBXTargetDependency */ = {
			isa = PBXTargetDependency;
			target = 8B33CDB21DEB7EBF00A7BF56 /* capstone */;
			targetProxy = 8B33CDCD1DEB7EBF00A7BF56 /* PBXContainerItemProxy */;
		};
/* End PBXTargetDependency section */

/* Begin PBXVariantGroup section */
		8B33CDBF1DEB7EBF00A7BF56 /* Main.storyboard */ = {
			isa = PBXVariantGroup;
			children = (
				8B33CDC01DEB7EBF00A7BF56 /* Base */,
			);
			name = Main.storyboard;
			sourceTree = "<group>";
		};
		8B33CDC41DEB7EBF00A7BF56 /* LaunchScreen.storyboard */ = {
			isa = PBXVariantGroup;
			children = (
				8B33CDC51DEB7EBF00A7BF56 /* Base */,
			);
			name = LaunchScreen.storyboard;
			sourceTree = "<group>";
		};
/* End PBXVariantGroup section */

/* Begin XCBuildConfiguration section */
		8B33CDD31DEB7EBF00A7BF56 /* Debug */ = {
			isa = XCBuildConfiguration;
			buildSettings = {
				ALWAYS_SEARCH_USER_PATHS = NO;
				CLANG_ANALYZER_NONNULL = YES;
				CLANG_CXX_LANGUAGE_STANDARD = "gnu++0x";
				CLANG_CXX_LIBRARY = "libc++";
				CLANG_ENABLE_MODULES = YES;
				CLANG_ENABLE_OBJC_ARC = YES;
				CLANG_WARN_BOOL_CONVERSION = YES;
				CLANG_WARN_CONSTANT_CONVERSION = YES;
				CLANG_WARN_DIRECT_OBJC_ISA_USAGE = YES_ERROR;
				CLANG_WARN_EMPTY_BODY = YES;
				CLANG_WARN_ENUM_CONVERSION = YES;
				CLANG_WARN_INT_CONVERSION = YES;
				CLANG_WARN_OBJC_ROOT_CLASS = YES_ERROR;
				CLANG_WARN_UNREACHABLE_CODE = YES;
				CLANG_WARN__DUPLICATE_METHOD_MATCH = YES;
				"CODE_SIGN_IDENTITY[sdk=iphoneos*]" = "iPhone Developer";
				COPY_PHASE_STRIP = NO;
				DEBUG_INFORMATION_FORMAT = dwarf;
				ENABLE_STRICT_OBJC_MSGSEND = YES;
				ENABLE_TESTABILITY = YES;
				GCC_C_LANGUAGE_STANDARD = gnu99;
				GCC_DYNAMIC_NO_PIC = NO;
				GCC_NO_COMMON_BLOCKS = YES;
				GCC_OPTIMIZATION_LEVEL = 0;
				GCC_PREPROCESSOR_DEFINITIONS = (
					"DEBUG=1",
					"$(inherited)",
				);
				GCC_WARN_64_TO_32_BIT_CONVERSION = YES;
				GCC_WARN_ABOUT_RETURN_TYPE = YES_ERROR;
				GCC_WARN_UNDECLARED_SELECTOR = YES;
				GCC_WARN_UNINITIALIZED_AUTOS = YES_AGGRESSIVE;
				GCC_WARN_UNUSED_FUNCTION = YES;
				GCC_WARN_UNUSED_VARIABLE = YES;
				IPHONEOS_DEPLOYMENT_TARGET = 9.3;
				MTL_ENABLE_DEBUG_INFO = YES;
				ONLY_ACTIVE_ARCH = YES;
				SDKROOT = iphoneos;
				TARGETED_DEVICE_FAMILY = "1,2";
			};
			name = Debug;
		};
		8B33CDD41DEB7EBF00A7BF56 /* Release */ = {
			isa = XCBuildConfiguration;
			buildSettings = {
				ALWAYS_SEARCH_USER_PATHS = NO;
				CLANG_ANALYZER_NONNULL = YES;
				CLANG_CXX_LANGUAGE_STANDARD = "gnu++0x";
				CLANG_CXX_LIBRARY = "libc++";
				CLANG_ENABLE_MODULES = YES;
				CLANG_ENABLE_OBJC_ARC = YES;
				CLANG_WARN_BOOL_CONVERSION = YES;
				CLANG_WARN_CONSTANT_CONVERSION = YES;
				CLANG_WARN_DIRECT_OBJC_ISA_USAGE = YES_ERROR;
				CLANG_WARN_EMPTY_BODY = YES;
				CLANG_WARN_ENUM_CONVERSION = YES;
				CLANG_WARN_INT_CONVERSION = YES;
				CLANG_WARN_OBJC_ROOT_CLASS = YES_ERROR;
				CLANG_WARN_UNREACHABLE_CODE = YES;
				CLANG_WARN__DUPLICATE_METHOD_MATCH = YES;
				"CODE_SIGN_IDENTITY[sdk=iphoneos*]" = "iPhone Developer";
				COPY_PHASE_STRIP = NO;
				DEBUG_INFORMATION_FORMAT = "dwarf-with-dsym";
				ENABLE_NS_ASSERTIONS = NO;
				ENABLE_STRICT_OBJC_MSGSEND = YES;
				GCC_C_LANGUAGE_STANDARD = gnu99;
				GCC_NO_COMMON_BLOCKS = YES;
				GCC_WARN_64_TO_32_BIT_CONVERSION = YES;
				GCC_WARN_ABOUT_RETURN_TYPE = YES_ERROR;
				GCC_WARN_UNDECLARED_SELECTOR = YES;
				GCC_WARN_UNINITIALIZED_AUTOS = YES_AGGRESSIVE;
				GCC_WARN_UNUSED_FUNCTION = YES;
				GCC_WARN_UNUSED_VARIABLE = YES;
				IPHONEOS_DEPLOYMENT_TARGET = 9.3;
				MTL_ENABLE_DEBUG_INFO = NO;
				SDKROOT = iphoneos;
				TARGETED_DEVICE_FAMILY = "1,2";
				VALIDATE_PRODUCT = YES;
			};
			name = Release;
		};
		8B33CDD61DEB7EBF00A7BF56 /* Debug */ = {
			isa = XCBuildConfiguration;
			buildSettings = {
				ALWAYS_SEARCH_USER_PATHS = YES;
				ARCHS = "$(ARCHS_STANDARD)";
				ASSETCATALOG_COMPILER_APPICON_NAME = AppIcon;
				CLANG_CXX_LIBRARY = "libc++";
				CODE_SIGN_IDENTITY = "iPhone Developer";
				ENABLE_BITCODE = NO;
				FRAMEWORK_SEARCH_PATHS = (
					"$(inherited)",
					"$(PROJECT_DIR)",
					/Users/judy/ios,
				);
				HEADER_SEARCH_PATHS = (
					"<Multiple",
					"values>",
					"\"${SRCROOT}/src/vl\"",
					"\"${SRCROOT}\"",
				);
				"HEADER_SEARCH_PATHS[arch=*]" = "$(inherited)";
				INFOPLIST_FILE = capstone/Info.plist;
				LD_RUNPATH_SEARCH_PATHS = "$(inherited) @executable_path/Frameworks";
				LIBRARY_SEARCH_PATHS = (
					"$(inherited)",
					"$(PROJECT_DIR)/capstone",
					"$(PROJECT_DIR)",
				);
				ONLY_ACTIVE_ARCH = YES;
				OTHER_LDFLAGS = "$(inherited)";
				PRODUCT_BUNDLE_IDENTIFIER = judy.capstone;
				PRODUCT_NAME = "$(TARGET_NAME)";
				USER_HEADER_SEARCH_PATHS = "\"$(SRCROOT)\"/**";
				VALID_ARCHS = "arm64 armv7 armv7s armv6 i386";
			};
			name = Debug;
		};
		8B33CDD71DEB7EBF00A7BF56 /* Release */ = {
			isa = XCBuildConfiguration;
			buildSettings = {
				ALWAYS_SEARCH_USER_PATHS = YES;
				ARCHS = "$(ARCHS_STANDARD)";
				ASSETCATALOG_COMPILER_APPICON_NAME = AppIcon;
				CLANG_CXX_LIBRARY = "libc++";
				CODE_SIGN_IDENTITY = "iPhone Developer";
				ENABLE_BITCODE = NO;
				FRAMEWORK_SEARCH_PATHS = (
					"$(inherited)",
					"$(PROJECT_DIR)",
					/Users/judy/ios,
				);
				HEADER_SEARCH_PATHS = (
					"<Multiple",
					"values>",
					"\"${SRCROOT}\"",
					"\"${SRCROOT}/src/vl\"",
				);
				"HEADER_SEARCH_PATHS[arch=*]" = " $(inherited)";
				INFOPLIST_FILE = capstone/Info.plist;
				LD_RUNPATH_SEARCH_PATHS = "$(inherited) @executable_path/Frameworks";
				LIBRARY_SEARCH_PATHS = (
					"$(inherited)",
					"$(PROJECT_DIR)/capstone",
					"$(PROJECT_DIR)",
				);
				ONLY_ACTIVE_ARCH = NO;
				OTHER_LDFLAGS = "$(inherited)";
				PRODUCT_BUNDLE_IDENTIFIER = judy.capstone;
				PRODUCT_NAME = "$(TARGET_NAME)";
				USER_HEADER_SEARCH_PATHS = "\"$(SRCROOT)\"/**";
				VALID_ARCHS = "arm64 armv7 armv7s armv6 i386";
			};
			name = Release;
		};
		8B33CDD91DEB7EBF00A7BF56 /* Debug */ = {
			isa = XCBuildConfiguration;
			buildSettings = {
				INFOPLIST_FILE = capstoneUITests/Info.plist;
				LD_RUNPATH_SEARCH_PATHS = "$(inherited) @executable_path/Frameworks @loader_path/Frameworks";
				PRODUCT_BUNDLE_IDENTIFIER = judy.capstoneUITests;
				PRODUCT_NAME = "$(TARGET_NAME)";
				TEST_TARGET_NAME = capstone;
			};
			name = Debug;
		};
		8B33CDDA1DEB7EBF00A7BF56 /* Release */ = {
			isa = XCBuildConfiguration;
			buildSettings = {
				INFOPLIST_FILE = capstoneUITests/Info.plist;
				LD_RUNPATH_SEARCH_PATHS = "$(inherited) @executable_path/Frameworks @loader_path/Frameworks";
				PRODUCT_BUNDLE_IDENTIFIER = judy.capstoneUITests;
				PRODUCT_NAME = "$(TARGET_NAME)";
				TEST_TARGET_NAME = capstone;
			};
			name = Release;
		};
/* End XCBuildConfiguration section */

/* Begin XCConfigurationList section */
		8B33CDAE1DEB7EBF00A7BF56 /* Build configuration list for PBXProject "capstone" */ = {
			isa = XCConfigurationList;
			buildConfigurations = (
				8B33CDD31DEB7EBF00A7BF56 /* Debug */,
				8B33CDD41DEB7EBF00A7BF56 /* Release */,
			);
			defaultConfigurationIsVisible = 0;
			defaultConfigurationName = Release;
		};
		8B33CDD51DEB7EBF00A7BF56 /* Build configuration list for PBXNativeTarget "capstone" */ = {
			isa = XCConfigurationList;
			buildConfigurations = (
				8B33CDD61DEB7EBF00A7BF56 /* Debug */,
				8B33CDD71DEB7EBF00A7BF56 /* Release */,
			);
			defaultConfigurationIsVisible = 0;
			defaultConfigurationName = Release;
		};
		8B33CDD81DEB7EBF00A7BF56 /* Build configuration list for PBXNativeTarget "capstoneUITests" */ = {
			isa = XCConfigurationList;
			buildConfigurations = (
				8B33CDD91DEB7EBF00A7BF56 /* Debug */,
				8B33CDDA1DEB7EBF00A7BF56 /* Release */,
			);
			defaultConfigurationIsVisible = 0;
			defaultConfigurationName = Release;
		};
/* End XCConfigurationList section */
	};
	rootObject = 8B33CDAB1DEB7EBF00A7BF56 /* Project object */;
}
